
Microsoft Visual Studio Solution File, Format Version 12.00
# Visual Studio Version 17
VisualStudioVersion = 17.11.34909.67
MinimumVisualStudioVersion = 10.0.40219.1
Project("{2150E333-8FDC-42A3-9474-1A3956D46DE8}") = "SolutionItems", "SolutionItems", "{915E6F42-B352-4857-B12B-2D511DDED49B}"
	ProjectSection(SolutionItems) = preProject
		resource_notes.txt = resource_notes.txt
	EndProjectSection
EndProject
Project("{2150E333-8FDC-42A3-9474-1A3956D46DE8}") = "src", "src", "{FE315D81-5894-4B83-B091-906DE17DC23A}"
EndProject
Project("{2150E333-8FDC-42A3-9474-1A3956D46DE8}") = "Resources", "Resources", "{3638F110-7F35-46FE-B22A-E3641223C884}"
EndProject
Project("{9A19103F-16F7-4668-BE54-9A1E7A4F7556}") = "Microservices.Api1", "Microservices.Api1\Microservices.Api1.csproj", "{701323A4-B4C6-47B5-8B8D-FFCE49B6F704}"
EndProject
Project("{9A19103F-16F7-4668-BE54-9A1E7A4F7556}") = "Microservices.Api2", "Microservices.Api2\Microservices.Api2.csproj", "{F4B0DF8F-77A8-48A4-8270-AD7CA6850B6A}"
EndProject
Project("{9A19103F-16F7-4668-BE54-9A1E7A4F7556}") = "Microservices.Api3", "Microservices.Api3\Microservices.Api3.csproj", "{3ACC2C84-4B86-4B41-976C-8ADDD9DBCF20}"
EndProject
Project("{9A19103F-16F7-4668-BE54-9A1E7A4F7556}") = "Microservices.Api.Gateway", "Microservices.Api.Gateway\Microservices.Api.Gateway.csproj", "{44F62BE3-6417-4C87-A3C9-9DFAE143100A}"
EndProject
Global
	GlobalSection(SolutionConfigurationPlatforms) = preSolution
		Debug|Any CPU = Debug|Any CPU
		Release|Any CPU = Release|Any CPU
	EndGlobalSection
	GlobalSection(ProjectConfigurationPlatforms) = postSolution
		{701323A4-B4C6-47B5-8B8D-FFCE49B6F704}.Debug|Any CPU.ActiveCfg = Debug|Any CPU
		{701323A4-B4C6-47B5-8B8D-FFCE49B6F704}.Debug|Any CPU.Build.0 = Debug|Any CPU
		{701323A4-B4C6-47B5-8B8D-FFCE49B6F704}.Release|Any CPU.ActiveCfg = Release|Any CPU
		{701323A4-B4C6-47B5-8B8D-FFCE49B6F704}.Release|Any CPU.Build.0 = Release|Any CPU
		{F4B0DF8F-77A8-48A4-8270-AD7CA6850B6A}.Debug|Any CPU.ActiveCfg = Debug|Any CPU
		{F4B0DF8F-77A8-48A4-8270-AD7CA6850B6A}.Debug|Any CPU.Build.0 = Debug|Any CPU
		{F4B0DF8F-77A8-48A4-8270-AD7CA6850B6A}.Release|Any CPU.ActiveCfg = Release|Any CPU
		{F4B0DF8F-77A8-48A4-8270-AD7CA6850B6A}.Release|Any CPU.Build.0 = Release|Any CPU
		{3ACC2C84-4B86-4B41-976C-8ADDD9DBCF20}.Debug|Any CPU.ActiveCfg = Debug|Any CPU
		{3ACC2C84-4B86-4B41-976C-8ADDD9DBCF20}.Debug|Any CPU.Build.0 = Debug|Any CPU
		{3ACC2C84-4B86-4B41-976C-8ADDD9DBCF20}.Release|Any CPU.ActiveCfg = Release|Any CPU
		{3ACC2C84-4B86-4B41-976C-8ADDD9DBCF20}.Release|Any CPU.Build.0 = Release|Any CPU
		{44F62BE3-6417-4C87-A3C9-9DFAE143100A}.Debug|Any CPU.ActiveCfg = Debug|Any CPU
		{44F62BE3-6417-4C87-A3C9-9DFAE143100A}.Debug|Any CPU.Build.0 = Debug|Any CPU
		{44F62BE3-6417-4C87-A3C9-9DFAE143100A}.Release|Any CPU.ActiveCfg = Release|Any CPU
		{44F62BE3-6417-4C87-A3C9-9DFAE143100A}.Release|Any CPU.Build.0 = Release|Any CPU
	EndGlobalSection
	GlobalSection(SolutionProperties) = preSolution
		HideSolutionNode = FALSE
	EndGlobalSection
	GlobalSection(NestedProjects) = preSolution
		{3638F110-7F35-46FE-B22A-E3641223C884} = {FE315D81-5894-4B83-B091-906DE17DC23A}
		{701323A4-B4C6-47B5-8B8D-FFCE49B6F704} = {3638F110-7F35-46FE-B22A-E3641223C884}
		{F4B0DF8F-77A8-48A4-8270-AD7CA6850B6A} = {3638F110-7F35-46FE-B22A-E3641223C884}
		{3ACC2C84-4B86-4B41-976C-8ADDD9DBCF20} = {3638F110-7F35-46FE-B22A-E3641223C884}
		{44F62BE3-6417-4C87-A3C9-9DFAE143100A} = {FE315D81-5894-4B83-B091-906DE17DC23A}
	EndGlobalSection
	GlobalSection(ExtensibilityGlobals) = postSolution
		SolutionGuid = {4C7AFA22-E1DF-4A98-AC09-61AA07A7D9DD}
	EndGlobalSection
EndGlobal
